// !$*UTF8*$!
{
	archiveVersion = 1;
	classes = {
	};
	objectVersion = 56;
	objects = {

/* Begin PBXBuildFile section */
		DB2C01EE29FD70DA00BD826D /* ImageGeneratorModel.swift in Sources */ = {isa = PBXBuildFile; fileRef = DB2C01ED29FD70DA00BD826D /* ImageGeneratorModel.swift */; };
		DB2C01F029FD7D5200BD826D /* StyleView.swift in Sources */ = {isa = PBXBuildFile; fileRef = DB2C01EF29FD7D5200BD826D /* StyleView.swift */; };
		DB2C01F229FD7FAE00BD826D /* InfoView.swift in Sources */ = {isa = PBXBuildFile; fileRef = DB2C01F129FD7FAE00BD826D /* InfoView.swift */; };
		DB9CBFDD29F2CE8500C83111 /* DesignWeek23App.swift in Sources */ = {isa = PBXBuildFile; fileRef = DB9CBFDC29F2CE8500C83111 /* DesignWeek23App.swift */; };
		DB9CBFE129F2CE8600C83111 /* Assets.xcassets in Resources */ = {isa = PBXBuildFile; fileRef = DB9CBFE029F2CE8600C83111 /* Assets.xcassets */; };
		DB9CBFE429F2CE8600C83111 /* Preview Assets.xcassets in Resources */ = {isa = PBXBuildFile; fileRef = DB9CBFE329F2CE8600C83111 /* Preview Assets.xcassets */; };
		DB9CBFEB29F2DFEA00C83111 /* Constants.swift in Sources */ = {isa = PBXBuildFile; fileRef = DB9CBFEA29F2DFEA00C83111 /* Constants.swift */; };
		DBDC20262A0408E100B31A86 /* ActivityIndicatorView.swift in Sources */ = {isa = PBXBuildFile; fileRef = DBDC20252A0408E100B31A86 /* ActivityIndicatorView.swift */; };
		DBE4E54429F2FECE0004BD4A /* ContentView.swift in Sources */ = {isa = PBXBuildFile; fileRef = DBE4E54329F2FECE0004BD4A /* ContentView.swift */; };
/* End PBXBuildFile section */

/* Begin PBXFileReference section */
		DB2C01ED29FD70DA00BD826D /* ImageGeneratorModel.swift */ = {isa = PBXFileReference; lastKnownFileType = sourcecode.swift; path = ImageGeneratorModel.swift; sourceTree = "<group>"; };
		DB2C01EF29FD7D5200BD826D /* StyleView.swift */ = {isa = PBXFileReference; lastKnownFileType = sourcecode.swift; path = StyleView.swift; sourceTree = "<group>"; };
		DB2C01F129FD7FAE00BD826D /* InfoView.swift */ = {isa = PBXFileReference; lastKnownFileType = sourcecode.swift; path = InfoView.swift; sourceTree = "<group>"; };
		DB9CBFD929F2CE8500C83111 /* DesignWeek23.app */ = {isa = PBXFileReference; explicitFileType = wrapper.application; includeInIndex = 0; path = DesignWeek23.app; sourceTree = BUILT_PRODUCTS_DIR; };
		DB9CBFDC29F2CE8500C83111 /* DesignWeek23App.swift */ = {isa = PBXFileReference; lastKnownFileType = sourcecode.swift; path = DesignWeek23App.swift; sourceTree = "<group>"; };
		DB9CBFE029F2CE8600C83111 /* Assets.xcassets */ = {isa = PBXFileReference; lastKnownFileType = folder.assetcatalog; path = Assets.xcassets; sourceTree = "<group>"; };
		DB9CBFE329F2CE8600C83111 /* Preview Assets.xcassets */ = {isa = PBXFileReference; lastKnownFileType = folder.assetcatalog; path = "Preview Assets.xcassets"; sourceTree = "<group>"; };
		DB9CBFEA29F2DFEA00C83111 /* Constants.swift */ = {isa = PBXFileReference; lastKnownFileType = sourcecode.swift; path = Constants.swift; sourceTree = "<group>"; };
		DB9CBFEC29F2E11D00C83111 /* REST API Play.playground */ = {isa = PBXFileReference; lastKnownFileType = file.playground; path = "REST API Play.playground"; sourceTree = "<group>"; xcLanguageSpecificationIdentifier = xcode.lang.swift; };
		DBDC20232A03E68800B31A86 /* DesignWeek23.entitlements */ = {isa = PBXFileReference; lastKnownFileType = text.plist.entitlements; path = DesignWeek23.entitlements; sourceTree = "<group>"; };
		DBDC20242A03EC0D00B31A86 /* Info.plist */ = {isa = PBXFileReference; lastKnownFileType = text.plist; path = Info.plist; sourceTree = "<group>"; };
		DBDC20252A0408E100B31A86 /* ActivityIndicatorView.swift */ = {isa = PBXFileReference; lastKnownFileType = sourcecode.swift; path = ActivityIndicatorView.swift; sourceTree = "<group>"; };
		DBE4E54329F2FECE0004BD4A /* ContentView.swift */ = {isa = PBXFileReference; lastKnownFileType = sourcecode.swift; path = ContentView.swift; sourceTree = "<group>"; };
/* End PBXFileReference section */

/* Begin PBXFrameworksBuildPhase section */
		DB9CBFD629F2CE8500C83111 /* Frameworks */ = {
			isa = PBXFrameworksBuildPhase;
			buildActionMask = 2147483647;
			files = (
			);
			runOnlyForDeploymentPostprocessing = 0;
		};
/* End PBXFrameworksBuildPhase section */

/* Begin PBXGroup section */
		DB2C01EC29FD6A1900BD826D /* MainUI */ = {
			isa = PBXGroup;
			children = (
				DB2C01EF29FD7D5200BD826D /* StyleView.swift */,
				DB2C01F129FD7FAE00BD826D /* InfoView.swift */,
				DBDC20252A0408E100B31A86 /* ActivityIndicatorView.swift */,
			);
			path = MainUI;
			sourceTree = "<group>";
		};
		DB9CBFD029F2CE8500C83111 = {
			isa = PBXGroup;
			children = (
				DB9CBFDB29F2CE8500C83111 /* DesignWeek23 */,
				DB9CBFDA29F2CE8500C83111 /* Products */,
			);
			sourceTree = "<group>";
		};
		DB9CBFDA29F2CE8500C83111 /* Products */ = {
			isa = PBXGroup;
			children = (
				DB9CBFD929F2CE8500C83111 /* DesignWeek23.app */,
			);
			name = Products;
			sourceTree = "<group>";
		};
		DB9CBFDB29F2CE8500C83111 /* DesignWeek23 */ = {
			isa = PBXGroup;
			children = (
				DBDC20242A03EC0D00B31A86 /* Info.plist */,
				DBDC20232A03E68800B31A86 /* DesignWeek23.entitlements */,
				DB9CBFEC29F2E11D00C83111 /* REST API Play.playground */,
				DB9CBFDC29F2CE8500C83111 /* DesignWeek23App.swift */,
				DBE4E54329F2FECE0004BD4A /* ContentView.swift */,
				DB2C01ED29FD70DA00BD826D /* ImageGeneratorModel.swift */,
				DB2C01EC29FD6A1900BD826D /* MainUI */,
				DB9CBFEA29F2DFEA00C83111 /* Constants.swift */,
				DB9CBFE029F2CE8600C83111 /* Assets.xcassets */,
				DB9CBFE229F2CE8600C83111 /* Preview Content */,
			);
			path = DesignWeek23;
			sourceTree = "<group>";
		};
		DB9CBFE229F2CE8600C83111 /* Preview Content */ = {
			isa = PBXGroup;
			children = (
				DB9CBFE329F2CE8600C83111 /* Preview Assets.xcassets */,
			);
			path = "Preview Content";
			sourceTree = "<group>";
		};
/* End PBXGroup section */

/* Begin PBXNativeTarget section */
		DB9CBFD829F2CE8500C83111 /* DesignWeek23 */ = {
			isa = PBXNativeTarget;
			buildConfigurationList = DB9CBFE729F2CE8600C83111 /* Build configuration list for PBXNativeTarget "DesignWeek23" */;
			buildPhases = (
				DB9CBFD529F2CE8500C83111 /* Sources */,
				DB9CBFD629F2CE8500C83111 /* Frameworks */,
				DB9CBFD729F2CE8500C83111 /* Resources */,
			);
			buildRules = (
			);
			dependencies = (
			);
			name = DesignWeek23;
			productName = DesignWeek23;
			productReference = DB9CBFD929F2CE8500C83111 /* DesignWeek23.app */;
			productType = "com.apple.product-type.application";
		};
/* End PBXNativeTarget section */

/* Begin PBXProject section */
		DB9CBFD129F2CE8500C83111 /* Project object */ = {
			isa = PBXProject;
			attributes = {
				BuildIndependentTargetsInParallel = 1;
				LastSwiftUpdateCheck = 1430;
				LastUpgradeCheck = 1430;
				TargetAttributes = {
					DB9CBFD829F2CE8500C83111 = {
						CreatedOnToolsVersion = 14.3;
					};
				};
			};
			buildConfigurationList = DB9CBFD429F2CE8500C83111 /* Build configuration list for PBXProject "DesignWeek23" */;
			compatibilityVersion = "Xcode 14.0";
			developmentRegion = en;
			hasScannedForEncodings = 0;
			knownRegions = (
				en,
				Base,
			);
			mainGroup = DB9CBFD029F2CE8500C83111;
			productRefGroup = DB9CBFDA29F2CE8500C83111 /* Products */;
			projectDirPath = "";
			projectRoot = "";
			targets = (
				DB9CBFD829F2CE8500C83111 /* DesignWeek23 */,
			);
		};
/* End PBXProject section */

/* Begin PBXResourcesBuildPhase section */
		DB9CBFD729F2CE8500C83111 /* Resources */ = {
			isa = PBXResourcesBuildPhase;
			buildActionMask = 2147483647;
			files = (
				DB9CBFE429F2CE8600C83111 /* Preview Assets.xcassets in Resources */,
				DB9CBFE129F2CE8600C83111 /* Assets.xcassets in Resources */,
			);
			runOnlyForDeploymentPostprocessing = 0;
		};
/* End PBXResourcesBuildPhase section */

/* Begin PBXSourcesBuildPhase section */
		DB9CBFD529F2CE8500C83111 /* Sources */ = {
			isa = PBXSourcesBuildPhase;
			buildActionMask = 2147483647;
			files = (
				DB2C01F029FD7D5200BD826D /* StyleView.swift in Sources */,
				DB9CBFDD29F2CE8500C83111 /* DesignWeek23App.swift in Sources */,
				DBE4E54429F2FECE0004BD4A /* ContentView.swift in Sources */,
				DB9CBFEB29F2DFEA00C83111 /* Constants.swift in Sources */,
				DB2C01F229FD7FAE00BD826D /* InfoView.swift in Sources */,
				DB2C01EE29FD70DA00BD826D /* ImageGeneratorModel.swift in Sources */,
				DBDC20262A0408E100B31A86 /* ActivityIndicatorView.swift in Sources */,
			);
			runOnlyForDeploymentPostprocessing = 0;
		};
/* End PBXSourcesBuildPhase section */

/* Begin XCBuildConfiguration section */
		DB9CBFE529F2CE8600C83111 /* Debug */ = {
			isa = XCBuildConfiguration;
			buildSettings = {
				ALWAYS_SEARCH_USER_PATHS = NO;
				CLANG_ANALYZER_NONNULL = YES;
				CLANG_ANALYZER_NUMBER_OBJECT_CONVERSION = YES_AGGRESSIVE;
				CLANG_CXX_LANGUAGE_STANDARD = "gnu++20";
				CLANG_ENABLE_MODULES = YES;
				CLANG_ENABLE_OBJC_ARC = YES;
				CLANG_ENABLE_OBJC_WEAK = YES;
				CLANG_WARN_BLOCK_CAPTURE_AUTORELEASING = YES;
				CLANG_WARN_BOOL_CONVERSION = YES;
				CLANG_WARN_COMMA = YES;
				CLANG_WARN_CONSTANT_CONVERSION = YES;
				CLANG_WARN_DEPRECATED_OBJC_IMPLEMENTATIONS = YES;
				CLANG_WARN_DIRECT_OBJC_ISA_USAGE = YES_ERROR;
				CLANG_WARN_DOCUMENTATION_COMMENTS = YES;
				CLANG_WARN_EMPTY_BODY = YES;
				CLANG_WARN_ENUM_CONVERSION = YES;
				CLANG_WARN_INFINITE_RECURSION = YES;
				CLANG_WARN_INT_CONVERSION = YES;
				CLANG_WARN_NON_LITERAL_NULL_CONVERSION = YES;
				CLANG_WARN_OBJC_IMPLICIT_RETAIN_SELF = YES;
				CLANG_WARN_OBJC_LITERAL_CONVERSION = YES;
				CLANG_WARN_OBJC_ROOT_CLASS = YES_ERROR;
				CLANG_WARN_QUOTED_INCLUDE_IN_FRAMEWORK_HEADER = YES;
				CLANG_WARN_RANGE_LOOP_ANALYSIS = YES;
				CLANG_WARN_STRICT_PROTOTYPES = YES;
				CLANG_WARN_SUSPICIOUS_MOVE = YES;
				CLANG_WARN_UNGUARDED_AVAILABILITY = YES_AGGRESSIVE;
				CLANG_WARN_UNREACHABLE_CODE = YES;
				CLANG_WARN__DUPLICATE_METHOD_MATCH = YES;
				COPY_PHASE_STRIP = NO;
				DEBUG_INFORMATION_FORMAT = dwarf;
				ENABLE_STRICT_OBJC_MSGSEND = YES;
				ENABLE_TESTABILITY = YES;
				GCC_C_LANGUAGE_STANDARD = gnu11;
				GCC_DYNAMIC_NO_PIC = NO;
				GCC_NO_COMMON_BLOCKS = YES;
				GCC_OPTIMIZATION_LEVEL = 0;
				GCC_PREPROCESSOR_DEFINITIONS = (
					"DEBUG=1",
					"$(inherited)",
				);
				GCC_WARN_64_TO_32_BIT_CONVERSION = YES;
				GCC_WARN_ABOUT_RETURN_TYPE = YES_ERROR;
				GCC_WARN_UNDECLARED_SELECTOR = YES;
				GCC_WARN_UNINITIALIZED_AUTOS = YES_AGGRESSIVE;
				GCC_WARN_UNUSED_FUNCTION = YES;
				GCC_WARN_UNUSED_VARIABLE = YES;
				IPHONEOS_DEPLOYMENT_TARGET = 16.4;
				MTL_ENABLE_DEBUG_INFO = INCLUDE_SOURCE;
				MTL_FAST_MATH = YES;
				ONLY_ACTIVE_ARCH = YES;
				SDKROOT = iphoneos;
				SWIFT_ACTIVE_COMPILATION_CONDITIONS = DEBUG;
				SWIFT_OPTIMIZATION_LEVEL = "-Onone";
			};
			name = Debug;
		};
		DB9CBFE629F2CE8600C83111 /* Release */ = {
			isa = XCBuildConfiguration;
			buildSettings = {
				ALWAYS_SEARCH_USER_PATHS = NO;
				CLANG_ANALYZER_NONNULL = YES;
				CLANG_ANALYZER_NUMBER_OBJECT_CONVERSION = YES_AGGRESSIVE;
				CLANG_CXX_LANGUAGE_STANDARD = "gnu++20";
				CLANG_ENABLE_MODULES = YES;
				CLANG_ENABLE_OBJC_ARC = YES;
				CLANG_ENABLE_OBJC_WEAK = YES;
				CLANG_WARN_BLOCK_CAPTURE_AUTORELEASING = YES;
				CLANG_WARN_BOOL_CONVERSION = YES;
				CLANG_WARN_COMMA = YES;
				CLANG_WARN_CONSTANT_CONVERSION = YES;
				CLANG_WARN_DEPRECATED_OBJC_IMPLEMENTATIONS = YES;
				CLANG_WARN_DIRECT_OBJC_ISA_USAGE = YES_ERROR;
				CLANG_WARN_DOCUMENTATION_COMMENTS = YES;
				CLANG_WARN_EMPTY_BODY = YES;
				CLANG_WARN_ENUM_CONVERSION = YES;
				CLANG_WARN_INFINITE_RECURSION = YES;
				CLANG_WARN_INT_CONVERSION = YES;
				CLANG_WARN_NON_LITERAL_NULL_CONVERSION = YES;
				CLANG_WARN_OBJC_IMPLICIT_RETAIN_SELF = YES;
				CLANG_WARN_OBJC_LITERAL_CONVERSION = YES;
				CLANG_WARN_OBJC_ROOT_CLASS = YES_ERROR;
				CLANG_WARN_QUOTED_INCLUDE_IN_FRAMEWORK_HEADER = YES;
				CLANG_WARN_RANGE_LOOP_ANALYSIS = YES;
				CLANG_WARN_STRICT_PROTOTYPES = YES;
				CLANG_WARN_SUSPICIOUS_MOVE = YES;
				CLANG_WARN_UNGUARDED_AVAILABILITY = YES_AGGRESSIVE;
				CLANG_WARN_UNREACHABLE_CODE = YES;
				CLANG_WARN__DUPLICATE_METHOD_MATCH = YES;
				COPY_PHASE_STRIP = NO;
				DEBUG_INFORMATION_FORMAT = "dwarf-with-dsym";
				ENABLE_NS_ASSERTIONS = NO;
				ENABLE_STRICT_OBJC_MSGSEND = YES;
				GCC_C_LANGUAGE_STANDARD = gnu11;
				GCC_NO_COMMON_BLOCKS = YES;
				GCC_WARN_64_TO_32_BIT_CONVERSION = YES;
				GCC_WARN_ABOUT_RETURN_TYPE = YES_ERROR;
				GCC_WARN_UNDECLARED_SELECTOR = YES;
				GCC_WARN_UNINITIALIZED_AUTOS = YES_AGGRESSIVE;
				GCC_WARN_UNUSED_FUNCTION = YES;
				GCC_WARN_UNUSED_VARIABLE = YES;
				IPHONEOS_DEPLOYMENT_TARGET = 16.4;
				MTL_ENABLE_DEBUG_INFO = NO;
				MTL_FAST_MATH = YES;
				SDKROOT = iphoneos;
				SWIFT_COMPILATION_MODE = wholemodule;
				SWIFT_OPTIMIZATION_LEVEL = "-O";
				VALIDATE_PRODUCT = YES;
			};
			name = Release;
		};
		DB9CBFE829F2CE8600C83111 /* Debug */ = {
			isa = XCBuildConfiguration;
			buildSettings = {
				ASSETCATALOG_COMPILER_APPICON_NAME = AppIcon;
				ASSETCATALOG_COMPILER_GLOBAL_ACCENT_COLOR_NAME = AccentColor;
				CODE_SIGN_ENTITLEMENTS = DesignWeek23/DesignWeek23.entitlements;
				CODE_SIGN_STYLE = Automatic;
				CURRENT_PROJECT_VERSION = 2;
				DEVELOPMENT_ASSET_PATHS = "\"DesignWeek23/Preview Content\"";
				DEVELOPMENT_TEAM = 73N26DTA23;
				ENABLE_PREVIEWS = YES;
				GENERATE_INFOPLIST_FILE = YES;
				INFOPLIST_FILE = DesignWeek23/Info.plist;
				INFOPLIST_KEY_UIApplicationSceneManifest_Generation = YES;
				INFOPLIST_KEY_UIApplicationSupportsIndirectInputEvents = YES;
				INFOPLIST_KEY_UILaunchScreen_Generation = YES;
				INFOPLIST_KEY_UIStatusBarHidden = YES;
				INFOPLIST_KEY_UISupportedInterfaceOrientations_iPad = "UIInterfaceOrientationPortrait UIInterfaceOrientationPortraitUpsideDown UIInterfaceOrientationLandscapeLeft UIInterfaceOrientationLandscapeRight";
				INFOPLIST_KEY_UISupportedInterfaceOrientations_iPhone = "UIInterfaceOrientationPortrait UIInterfaceOrientationLandscapeLeft UIInterfaceOrientationLandscapeRight";
				LD_RUNPATH_SEARCH_PATHS = (
					"$(inherited)",
					"@executable_path/Frameworks",
				);
				MARKETING_VERSION = 0.1.0;
				PRODUCT_BUNDLE_IDENTIFIER = peterkolski.DesignWeek23;
				PRODUCT_NAME = "$(TARGET_NAME)";
				SWIFT_EMIT_LOC_STRINGS = YES;
				SWIFT_VERSION = 5.0;
				TARGETED_DEVICE_FAMILY = "1,2";
			};
			name = Debug;
		};
		DB9CBFE929F2CE8600C83111 /* Release */ = {
			isa = XCBuildConfiguration;
			buildSettings = {
				ASSETCATALOG_COMPILER_APPICON_NAME = AppIcon;
				ASSETCATALOG_COMPILER_GLOBAL_ACCENT_COLOR_NAME = AccentColor;
				CODE_SIGN_ENTITLEMENTS = DesignWeek23/DesignWeek23.entitlements;
				CODE_SIGN_STYLE = Automatic;
				CURRENT_PROJECT_VERSION = 2;
				DEVELOPMENT_ASSET_PATHS = "\"DesignWeek23/Preview Content\"";
				DEVELOPMENT_TEAM = 73N26DTA23;
				ENABLE_PREVIEWS = YES;
				GENERATE_INFOPLIST_FILE = YES;
				INFOPLIST_FILE = DesignWeek23/Info.plist;
				INFOPLIST_KEY_UIApplicationSceneManifest_Generation = YES;
				INFOPLIST_KEY_UIApplicationSupportsIndirectInputEvents = YES;
				INFOPLIST_KEY_UILaunchScreen_Generation = YES;
				INFOPLIST_KEY_UIStatusBarHidden = YES;
				INFOPLIST_KEY_UISupportedInterfaceOrientations_iPad = "UIInterfaceOrientationPortrait UIInterfaceOrientationPortraitUpsideDown UIInterfaceOrientationLandscapeLeft UIInterfaceOrientationLandscapeRight";
				INFOPLIST_KEY_UISupportedInterfaceOrientations_iPhone = "UIInterfaceOrientationPortrait UIInterfaceOrientationLandscapeLeft UIInterfaceOrientationLandscapeRight";
				LD_RUNPATH_SEARCH_PATHS = (
					"$(inherited)",
					"@executable_path/Frameworks",
				);
				MARKETING_VERSION = 0.1.0;
				PRODUCT_BUNDLE_IDENTIFIER = peterkolski.DesignWeek23;
				PRODUCT_NAME = "$(TARGET_NAME)";
				SWIFT_EMIT_LOC_STRINGS = YES;
				SWIFT_VERSION = 5.0;
				TARGETED_DEVICE_FAMILY = "1,2";
			};
			name = Release;
		};
/* End XCBuildConfiguration section */

/* Begin XCConfigurationList section */
		DB9CBFD429F2CE8500C83111 /* Build configuration list for PBXProject "DesignWeek23" */ = {
			isa = XCConfigurationList;
			buildConfigurations = (
				DB9CBFE529F2CE8600C83111 /* Debug */,
				DB9CBFE629F2CE8600C83111 /* Release */,
			);
			defaultConfigurationIsVisible = 0;
			defaultConfigurationName = Release;
		};
		DB9CBFE729F2CE8600C83111 /* Build configuration list for PBXNativeTarget "DesignWeek23" */ = {
			isa = XCConfigurationList;
			buildConfigurations = (
				DB9CBFE829F2CE8600C83111 /* Debug */,
				DB9CBFE929F2CE8600C83111 /* Release */,
			);
			defaultConfigurationIsVisible = 0;
			defaultConfigurationName = Release;
		};
/* End XCConfigurationList section */
	};
	rootObject = DB9CBFD129F2CE8500C83111 /* Project object */;
}
